{
  "name": "three-js-journey",
  "lockfileVersion": 3,
  "requires": true,
  "packages": {
    "": {
      "dependencies": {
        "@types/dat.gui": "^0.7.7",
        "dat.gui": "^0.7.9",
        "gsap": "^3.11.4"
      }
    },
    "node_modules/@types/dat.gui": {
      "version": "0.7.7",
      "resolved": "https://registry.npmjs.org/@types/dat.gui/-/dat.gui-0.7.7.tgz",
      "integrity": "sha512-CxLCme0He5Jk3uQwfO/fGZMyNhb/ypANzqX0yU9lviBQMlen5SOvQTBQ/Cd9x5mFlUAK5Tk8RgvTyLj1nYkz+w=="
    },
    "node_modules/dat.gui": {
      "version": "0.7.9",
      "resolved": "https://registry.npmjs.org/dat.gui/-/dat.gui-0.7.9.tgz",
      "integrity": "sha512-sCNc1OHobc+Erc1HqiswYgHdVNpSJUlk/Hz8vzOCsER7rl+oF/4+v8GXFUyCgtXpoCX6+bnmg07DedLvBLwYKQ=="
    },
    "node_modules/gsap": {
      "version": "3.11.4",
      "resolved": "https://registry.npmjs.org/gsap/-/gsap-3.11.4.tgz",
      "integrity": "sha512-McHhEguHyExMMnjqKA8G+7TvxmlKQGMbjgwAilnFe1e4id7V/tFveRQ2YMZhTYu0oxHGWvbPltdVYQOu3z1SCA=="
    }
  }
}
